{
    "_meta": {
        "hash": {
            "sha256": "908dd46257affe4434d61018175184fc9781484ce4dcaa27ae85eaa0be787c3b"
        },
        "pipfile-spec": 6,
        "requires": {
            "python_version": "3.8"
        },
        "sources": [
            {
                "name": "pypi",
                "url": "https://pypi.org/simple",
                "verify_ssl": true
            }
        ]
    },
    "default": {
        "appium-python-client": {
            "hashes": [
                "sha256:44e2cf8040dc9d52ad2947046f221eddfbf4055b8c99615e3f1808b6aeb6a8ec"
            ],
            "index": "pypi",
            "version": "==1.0.2"
        },
        "sauceclient": {
            "hashes": [
                "sha256:af04accdcc6aaa16f98d010fbfdbd3fdb52367fcf95ebbaf05a9964c33845982"
            ],
            "index": "pypi",
            "version": "==1.0.0"
        },
        "selenium": {
            "hashes": [
                "sha256:2d7131d7bc5a5b99a2d9b04aaf2612c411b03b8ca1b1ee8d3de5845a9be2cb3c",
                "sha256:deaf32b60ad91a4611b98d8002757f29e6f2c2d5fcaf202e1c9ad06d6772300d"
            ],
            "version": "==3.141.0"
        },
        "urllib3": {
            "hashes": [
                "sha256:753a0374df26658f99d826cfe40394a686d05985786d946fbe4165b5148f5a7c",
                "sha256:a7acd0977125325f516bda9735fa7142b909a8d01e8b2e4c8108d0984e6e0098"
            ],
            "index": "pypi",
            "version": "==1.26.5"
        }
    },
    "develop": {}
}
